
Microsoft Visual Studio Solution File, Format Version 12.00
# Visual Studio Version 17
VisualStudioVersion = 17.12.35707.178
MinimumVisualStudioVersion = 10.0.40219.1
Project("{9A19103F-16F7-4668-BE54-9A1E7A4F7556}") = "BulkyWeb", "BulkyWeb\BulkyWeb.csproj", "{2991C4F2-2789-4FC5-8F83-8D8F354863FF}"
EndProject
Project("{9A19103F-16F7-4668-BE54-9A1E7A4F7556}") = "Bulky.DataAccess", "Bulky.DataAccess\Bulky.DataAccess.csproj", "{FCA2DA96-63B0-4160-BD70-179C28B89C61}"
EndProject
Project("{9A19103F-16F7-4668-BE54-9A1E7A4F7556}") = "Bulky.Models", "Bulky.Models\Bulky.Models.csproj", "{F6806D8D-3715-43AA-A34F-664B3E4EDFB8}"
EndProject
Project("{9A19103F-16F7-4668-BE54-9A1E7A4F7556}") = "Bulky.Utility", "Bulky.Utility\Bulky.Utility.csproj", "{BA551094-5751-4CCD-9CC8-D6FBE088EF2B}"
EndProject
Global
	GlobalSection(SolutionConfigurationPlatforms) = preSolution
		Debug|Any CPU = Debug|Any CPU
		Release|Any CPU = Release|Any CPU
	EndGlobalSection
	GlobalSection(ProjectConfigurationPlatforms) = postSolution
		{2991C4F2-2789-4FC5-8F83-8D8F354863FF}.Debug|Any CPU.ActiveCfg = Debug|Any CPU
		{2991C4F2-2789-4FC5-8F83-8D8F354863FF}.Debug|Any CPU.Build.0 = Debug|Any CPU
		{2991C4F2-2789-4FC5-8F83-8D8F354863FF}.Release|Any CPU.ActiveCfg = Release|Any CPU
		{2991C4F2-2789-4FC5-8F83-8D8F354863FF}.Release|Any CPU.Build.0 = Release|Any CPU
		{FCA2DA96-63B0-4160-BD70-179C28B89C61}.Debug|Any CPU.ActiveCfg = Debug|Any CPU
		{FCA2DA96-63B0-4160-BD70-179C28B89C61}.Debug|Any CPU.Build.0 = Debug|Any CPU
		{FCA2DA96-63B0-4160-BD70-179C28B89C61}.Release|Any CPU.ActiveCfg = Release|Any CPU
		{FCA2DA96-63B0-4160-BD70-179C28B89C61}.Release|Any CPU.Build.0 = Release|Any CPU
		{F6806D8D-3715-43AA-A34F-664B3E4EDFB8}.Debug|Any CPU.ActiveCfg = Debug|Any CPU
		{F6806D8D-3715-43AA-A34F-664B3E4EDFB8}.Debug|Any CPU.Build.0 = Debug|Any CPU
		{F6806D8D-3715-43AA-A34F-664B3E4EDFB8}.Release|Any CPU.ActiveCfg = Release|Any CPU
		{F6806D8D-3715-43AA-A34F-664B3E4EDFB8}.Release|Any CPU.Build.0 = Release|Any CPU
		{BA551094-5751-4CCD-9CC8-D6FBE088EF2B}.Debug|Any CPU.ActiveCfg = Debug|Any CPU
		{BA551094-5751-4CCD-9CC8-D6FBE088EF2B}.Debug|Any CPU.Build.0 = Debug|Any CPU
		{BA551094-5751-4CCD-9CC8-D6FBE088EF2B}.Release|Any CPU.ActiveCfg = Release|Any CPU
		{BA551094-5751-4CCD-9CC8-D6FBE088EF2B}.Release|Any CPU.Build.0 = Release|Any CPU
	EndGlobalSection
	GlobalSection(SolutionProperties) = preSolution
		HideSolutionNode = FALSE
	EndGlobalSection
	GlobalSection(ExtensibilityGlobals) = postSolution
		SolutionGuid = {C7BE6499-0677-42AD-8E62-6C353C140EE0}
	EndGlobalSection
EndGlobal
